Microsoft Visual Studio Solution File, Format Version 12.00
# Visual Studio Version 17
VisualStudioVersion = 17.0.31903.59
MinimumVisualStudioVersion = 10.0.40219.1
Project("{2150E333-8FDC-42A3-9474-1A3956D46DE8}") = "playground", "playground", "{D173887B-AF42-4576-B9C1-96B9E9B3D9C0}"
EndProject
Project("{9A19103F-16F7-4668-BE54-9A1E7A4F7556}") = "Playground.ServiceDefaults", "playground\Playground.ServiceDefaults\Playground.ServiceDefaults.csproj", "{25208C6F-0A9D-4D60-9EDD-256C9891B1CD}"
EndProject
Project("{2150E333-8FDC-42A3-9474-1A3956D46DE8}") = "SqlServerEndToEnd", "SqlServerEndToEnd", "{2CA6AB88-21EF-4488-BB1B-3A5BAD5FE2AD}"
EndProject
Project("{9A19103F-16F7-4668-BE54-9A1E7A4F7556}") = "SqlServerEndToEnd.AppHost", "playground\SqlServerEndToEnd\SqlServerEndToEnd.AppHost\SqlServerEndToEnd.AppHost.csproj", "{7616FD70-6BEC-439D-B39E-A838F939C0F9}"
EndProject
Project("{9A19103F-16F7-4668-BE54-9A1E7A4F7556}") = "SqlServerEndToEnd.ApiService", "playground\SqlServerEndToEnd\SqlServerEndToEnd.ApiService\SqlServerEndToEnd.ApiService.csproj", "{78ABCF96-507B-4E5F-9265-CACC3EFD4C53}"
EndProject
Project("{2150E333-8FDC-42A3-9474-1A3956D46DE8}") = "PostgresEndToEnd", "PostgresEndToEnd", "{2A076AC1-9201-4E9B-BCB7-5AC4F8F4AADB}"
EndProject
Project("{9A19103F-16F7-4668-BE54-9A1E7A4F7556}") = "PostgresEndToEnd.AppHost", "playground\PostgresEndToEnd\PostgresEndToEnd.AppHost\PostgresEndToEnd.AppHost.csproj", "{A4C06329-56EA-4AE6-A698-D2B7B7ABE318}"
EndProject
Project("{9A19103F-16F7-4668-BE54-9A1E7A4F7556}") = "PostgresEndToEnd.ApiService", "playground\PostgresEndToEnd\PostgresEndToEnd.ApiService\PostgresEndToEnd.ApiService.csproj", "{B7BC1137-25E2-4B5D-A45F-38F5BA4811A2}"
EndProject
Project("{2150E333-8FDC-42A3-9474-1A3956D46DE8}") = "DatabaseMigration", "DatabaseMigration", "{8B1802BC-6CB0-4027-850C-2AED42A82C9E}"
EndProject
Project("{9A19103F-16F7-4668-BE54-9A1E7A4F7556}") = "DatabaseMigration.ApiService", "playground\DatabaseMigration\DatabaseMigration.ApiService\DatabaseMigration.ApiService.csproj", "{7CC9BADD-B444-49E0-B6F0-BE2CD3A4669E}"
EndProject
Project("{9A19103F-16F7-4668-BE54-9A1E7A4F7556}") = "DatabaseMigration.AppHost", "playground\DatabaseMigration\DatabaseMigration.AppHost\DatabaseMigration.AppHost.csproj", "{E5C93F8B-D31B-4268-89EB-830EDC5524D0}"
EndProject
Project("{9A19103F-16F7-4668-BE54-9A1E7A4F7556}") = "DatabaseMigration.MigrationService", "playground\DatabaseMigration\DatabaseMigration.MigrationService\DatabaseMigration.MigrationService.csproj", "{E7DB736B-C316-460E-A609-2200E58BF0C2}"
EndProject
Project("{9A19103F-16F7-4668-BE54-9A1E7A4F7556}") = "DatabaseMigration.ApiModel", "playground\DatabaseMigration\DatabaseMigration.ApiModel\DatabaseMigration.ApiModel.csproj", "{C15F3F13-AB63-47CF-AAFE-D319F02E7B33}"
EndProject
Project("{2150E333-8FDC-42A3-9474-1A3956D46DE8}") = "keycloak", "keycloak", "{EBC55A17-B0D6-4E0A-9DC2-7D264E96F631}"
EndProject
Project("{9A19103F-16F7-4668-BE54-9A1E7A4F7556}") = "Keycloak.ApiService", "playground\keycloak\Keycloak.ApiService\Keycloak.ApiService.csproj", "{14BA6E7B-1726-4F23-9C32-72B953BC392B}"
EndProject
Project("{9A19103F-16F7-4668-BE54-9A1E7A4F7556}") = "Keycloak.Web", "playground\keycloak\Keycloak.Web\Keycloak.Web.csproj", "{0BE14FA4-3F09-426D-BF5A-F9102D36DE33}"
EndProject
Project("{9A19103F-16F7-4668-BE54-9A1E7A4F7556}") = "Keycloak.AppHost", "playground\keycloak\Keycloak.AppHost\Keycloak.AppHost.csproj", "{C556D61C-7E11-43EC-9098-C8D170FEA905}"
EndProject
Project("{9A19103F-16F7-4668-BE54-9A1E7A4F7556}") = "SqlServerEndToEnd.Common", "playground\SqlServerEndToEnd\SqlServerEndToEnd.Common\SqlServerEndToEnd.Common.csproj", "{1997067D-8EF2-43B3-AB13-9B2E12B52709}"
EndProject
Project("{9A19103F-16F7-4668-BE54-9A1E7A4F7556}") = "SqlServerEndToEnd.DbSetup", "playground\SqlServerEndToEnd\SqlServerEndToEnd.DbSetup\SqlServerEndToEnd.DbSetup.csproj", "{125C081D-7E5B-4F35-B5CD-E2B56140380F}"
EndProject
Project("{2150E333-8FDC-42A3-9474-1A3956D46DE8}") = "Redis", "Redis", "{874EA351-05EA-44F5-8B12-7A7F865ECEC5}"
EndProject
Project("{9A19103F-16F7-4668-BE54-9A1E7A4F7556}") = "Redis.ApiService", "playground\Redis\Redis.ApiService\Redis.ApiService.csproj", "{B4CB2D9D-D3F5-4BB1-A7C0-7A6F13316A78}"
EndProject
Project("{9A19103F-16F7-4668-BE54-9A1E7A4F7556}") = "Redis.AppHost", "playground\Redis\Redis.AppHost\Redis.AppHost.csproj", "{6249A193-3BF4-4FFB-AB81-6590A8318889}"
EndProject
Global
	GlobalSection(SolutionConfigurationPlatforms) = preSolution
		Debug|Any CPU = Debug|Any CPU
		Release|Any CPU = Release|Any CPU
	EndGlobalSection
	GlobalSection(ProjectConfigurationPlatforms) = postSolution
		{25208C6F-0A9D-4D60-9EDD-256C9891B1CD}.Debug|Any CPU.ActiveCfg = Debug|Any CPU
		{25208C6F-0A9D-4D60-9EDD-256C9891B1CD}.Debug|Any CPU.Build.0 = Debug|Any CPU
		{25208C6F-0A9D-4D60-9EDD-256C9891B1CD}.Release|Any CPU.ActiveCfg = Release|Any CPU
		{25208C6F-0A9D-4D60-9EDD-256C9891B1CD}.Release|Any CPU.Build.0 = Release|Any CPU
		{7616FD70-6BEC-439D-B39E-A838F939C0F9}.Debug|Any CPU.ActiveCfg = Debug|Any CPU
		{7616FD70-6BEC-439D-B39E-A838F939C0F9}.Debug|Any CPU.Build.0 = Debug|Any CPU
		{7616FD70-6BEC-439D-B39E-A838F939C0F9}.Release|Any CPU.ActiveCfg = Release|Any CPU
		{7616FD70-6BEC-439D-B39E-A838F939C0F9}.Release|Any CPU.Build.0 = Release|Any CPU
		{78ABCF96-507B-4E5F-9265-CACC3EFD4C53}.Debug|Any CPU.ActiveCfg = Debug|Any CPU
		{78ABCF96-507B-4E5F-9265-CACC3EFD4C53}.Debug|Any CPU.Build.0 = Debug|Any CPU
		{78ABCF96-507B-4E5F-9265-CACC3EFD4C53}.Release|Any CPU.ActiveCfg = Release|Any CPU
		{78ABCF96-507B-4E5F-9265-CACC3EFD4C53}.Release|Any CPU.Build.0 = Release|Any CPU
		{A4C06329-56EA-4AE6-A698-D2B7B7ABE318}.Debug|Any CPU.ActiveCfg = Debug|Any CPU
		{A4C06329-56EA-4AE6-A698-D2B7B7ABE318}.Debug|Any CPU.Build.0 = Debug|Any CPU
		{A4C06329-56EA-4AE6-A698-D2B7B7ABE318}.Release|Any CPU.ActiveCfg = Release|Any CPU
		{A4C06329-56EA-4AE6-A698-D2B7B7ABE318}.Release|Any CPU.Build.0 = Release|Any CPU
		{B7BC1137-25E2-4B5D-A45F-38F5BA4811A2}.Debug|Any CPU.ActiveCfg = Debug|Any CPU
		{B7BC1137-25E2-4B5D-A45F-38F5BA4811A2}.Debug|Any CPU.Build.0 = Debug|Any CPU
		{B7BC1137-25E2-4B5D-A45F-38F5BA4811A2}.Release|Any CPU.ActiveCfg = Release|Any CPU
		{B7BC1137-25E2-4B5D-A45F-38F5BA4811A2}.Release|Any CPU.Build.0 = Release|Any CPU
		{7CC9BADD-B444-49E0-B6F0-BE2CD3A4669E}.Debug|Any CPU.ActiveCfg = Debug|Any CPU
		{7CC9BADD-B444-49E0-B6F0-BE2CD3A4669E}.Debug|Any CPU.Build.0 = Debug|Any CPU
		{7CC9BADD-B444-49E0-B6F0-BE2CD3A4669E}.Release|Any CPU.ActiveCfg = Release|Any CPU
		{7CC9BADD-B444-49E0-B6F0-BE2CD3A4669E}.Release|Any CPU.Build.0 = Release|Any CPU
		{E5C93F8B-D31B-4268-89EB-830EDC5524D0}.Debug|Any CPU.ActiveCfg = Debug|Any CPU
		{E5C93F8B-D31B-4268-89EB-830EDC5524D0}.Debug|Any CPU.Build.0 = Debug|Any CPU
		{E5C93F8B-D31B-4268-89EB-830EDC5524D0}.Release|Any CPU.ActiveCfg = Release|Any CPU
		{E5C93F8B-D31B-4268-89EB-830EDC5524D0}.Release|Any CPU.Build.0 = Release|Any CPU
		{E7DB736B-C316-460E-A609-2200E58BF0C2}.Debug|Any CPU.ActiveCfg = Debug|Any CPU
		{E7DB736B-C316-460E-A609-2200E58BF0C2}.Debug|Any CPU.Build.0 = Debug|Any CPU
		{E7DB736B-C316-460E-A609-2200E58BF0C2}.Release|Any CPU.ActiveCfg = Release|Any CPU
		{E7DB736B-C316-460E-A609-2200E58BF0C2}.Release|Any CPU.Build.0 = Release|Any CPU
		{C15F3F13-AB63-47CF-AAFE-D319F02E7B33}.Debug|Any CPU.ActiveCfg = Debug|Any CPU
		{C15F3F13-AB63-47CF-AAFE-D319F02E7B33}.Debug|Any CPU.Build.0 = Debug|Any CPU
		{C15F3F13-AB63-47CF-AAFE-D319F02E7B33}.Release|Any CPU.ActiveCfg = Release|Any CPU
		{C15F3F13-AB63-47CF-AAFE-D319F02E7B33}.Release|Any CPU.Build.0 = Release|Any CPU
		{14BA6E7B-1726-4F23-9C32-72B953BC392B}.Debug|Any CPU.ActiveCfg = Debug|Any CPU
		{14BA6E7B-1726-4F23-9C32-72B953BC392B}.Debug|Any CPU.Build.0 = Debug|Any CPU
		{14BA6E7B-1726-4F23-9C32-72B953BC392B}.Release|Any CPU.ActiveCfg = Release|Any CPU
		{14BA6E7B-1726-4F23-9C32-72B953BC392B}.Release|Any CPU.Build.0 = Release|Any CPU
		{0BE14FA4-3F09-426D-BF5A-F9102D36DE33}.Debug|Any CPU.ActiveCfg = Debug|Any CPU
		{0BE14FA4-3F09-426D-BF5A-F9102D36DE33}.Debug|Any CPU.Build.0 = Debug|Any CPU
		{0BE14FA4-3F09-426D-BF5A-F9102D36DE33}.Release|Any CPU.ActiveCfg = Release|Any CPU
		{0BE14FA4-3F09-426D-BF5A-F9102D36DE33}.Release|Any CPU.Build.0 = Release|Any CPU
		{C556D61C-7E11-43EC-9098-C8D170FEA905}.Debug|Any CPU.ActiveCfg = Debug|Any CPU
		{C556D61C-7E11-43EC-9098-C8D170FEA905}.Debug|Any CPU.Build.0 = Debug|Any CPU
		{C556D61C-7E11-43EC-9098-C8D170FEA905}.Release|Any CPU.ActiveCfg = Release|Any CPU
		{C556D61C-7E11-43EC-9098-C8D170FEA905}.Release|Any CPU.Build.0 = Release|Any CPU
		{1997067D-8EF2-43B3-AB13-9B2E12B52709}.Debug|Any CPU.ActiveCfg = Debug|Any CPU
		{1997067D-8EF2-43B3-AB13-9B2E12B52709}.Debug|Any CPU.Build.0 = Debug|Any CPU
		{1997067D-8EF2-43B3-AB13-9B2E12B52709}.Release|Any CPU.ActiveCfg = Release|Any CPU
		{1997067D-8EF2-43B3-AB13-9B2E12B52709}.Release|Any CPU.Build.0 = Release|Any CPU
		{125C081D-7E5B-4F35-B5CD-E2B56140380F}.Debug|Any CPU.ActiveCfg = Debug|Any CPU
		{125C081D-7E5B-4F35-B5CD-E2B56140380F}.Debug|Any CPU.Build.0 = Debug|Any CPU
		{125C081D-7E5B-4F35-B5CD-E2B56140380F}.Release|Any CPU.ActiveCfg = Release|Any CPU
		{125C081D-7E5B-4F35-B5CD-E2B56140380F}.Release|Any CPU.Build.0 = Release|Any CPU
		{B4CB2D9D-D3F5-4BB1-A7C0-7A6F13316A78}.Debug|Any CPU.ActiveCfg = Debug|Any CPU
		{B4CB2D9D-D3F5-4BB1-A7C0-7A6F13316A78}.Debug|Any CPU.Build.0 = Debug|Any CPU
		{B4CB2D9D-D3F5-4BB1-A7C0-7A6F13316A78}.Release|Any CPU.ActiveCfg = Release|Any CPU
		{B4CB2D9D-D3F5-4BB1-A7C0-7A6F13316A78}.Release|Any CPU.Build.0 = Release|Any CPU
		{6249A193-3BF4-4FFB-AB81-6590A8318889}.Debug|Any CPU.ActiveCfg = Debug|Any CPU
		{6249A193-3BF4-4FFB-AB81-6590A8318889}.Debug|Any CPU.Build.0 = Debug|Any CPU
		{6249A193-3BF4-4FFB-AB81-6590A8318889}.Release|Any CPU.ActiveCfg = Release|Any CPU
		{6249A193-3BF4-4FFB-AB81-6590A8318889}.Release|Any CPU.Build.0 = Release|Any CPU
	EndGlobalSection
	GlobalSection(SolutionProperties) = preSolution
		HideSolutionNode = FALSE
	EndGlobalSection
	GlobalSection(NestedProjects) = preSolution
		{25208C6F-0A9D-4D60-9EDD-256C9891B1CD} = {D173887B-AF42-4576-B9C1-96B9E9B3D9C0}
		{2CA6AB88-21EF-4488-BB1B-3A5BAD5FE2AD} = {D173887B-AF42-4576-B9C1-96B9E9B3D9C0}
		{7616FD70-6BEC-439D-B39E-A838F939C0F9} = {2CA6AB88-21EF-4488-BB1B-3A5BAD5FE2AD}
		{78ABCF96-507B-4E5F-9265-CACC3EFD4C53} = {2CA6AB88-21EF-4488-BB1B-3A5BAD5FE2AD}
		{2A076AC1-9201-4E9B-BCB7-5AC4F8F4AADB} = {D173887B-AF42-4576-B9C1-96B9E9B3D9C0}
		{A4C06329-56EA-4AE6-A698-D2B7B7ABE318} = {2A076AC1-9201-4E9B-BCB7-5AC4F8F4AADB}
		{B7BC1137-25E2-4B5D-A45F-38F5BA4811A2} = {2A076AC1-9201-4E9B-BCB7-5AC4F8F4AADB}
		{8B1802BC-6CB0-4027-850C-2AED42A82C9E} = {D173887B-AF42-4576-B9C1-96B9E9B3D9C0}
		{7CC9BADD-B444-49E0-B6F0-BE2CD3A4669E} = {8B1802BC-6CB0-4027-850C-2AED42A82C9E}
		{E5C93F8B-D31B-4268-89EB-830EDC5524D0} = {8B1802BC-6CB0-4027-850C-2AED42A82C9E}
		{E7DB736B-C316-460E-A609-2200E58BF0C2} = {8B1802BC-6CB0-4027-850C-2AED42A82C9E}
		{C15F3F13-AB63-47CF-AAFE-D319F02E7B33} = {8B1802BC-6CB0-4027-850C-2AED42A82C9E}
		{EBC55A17-B0D6-4E0A-9DC2-7D264E96F631} = {D173887B-AF42-4576-B9C1-96B9E9B3D9C0}
		{14BA6E7B-1726-4F23-9C32-72B953BC392B} = {EBC55A17-B0D6-4E0A-9DC2-7D264E96F631}
		{0BE14FA4-3F09-426D-BF5A-F9102D36DE33} = {EBC55A17-B0D6-4E0A-9DC2-7D264E96F631}
		{C556D61C-7E11-43EC-9098-C8D170FEA905} = {EBC55A17-B0D6-4E0A-9DC2-7D264E96F631}
		{1997067D-8EF2-43B3-AB13-9B2E12B52709} = {2CA6AB88-21EF-4488-BB1B-3A5BAD5FE2AD}
		{125C081D-7E5B-4F35-B5CD-E2B56140380F} = {2CA6AB88-21EF-4488-BB1B-3A5BAD5FE2AD}
		{874EA351-05EA-44F5-8B12-7A7F865ECEC5} = {D173887B-AF42-4576-B9C1-96B9E9B3D9C0}
		{B4CB2D9D-D3F5-4BB1-A7C0-7A6F13316A78} = {874EA351-05EA-44F5-8B12-7A7F865ECEC5}
		{6249A193-3BF4-4FFB-AB81-6590A8318889} = {874EA351-05EA-44F5-8B12-7A7F865ECEC5}
	EndGlobalSection
	GlobalSection(ExtensibilityGlobals) = postSolution
		SolutionGuid = {6DCEDFEC-988E-4CB3-B45B-191EB5086E0C}
	EndGlobalSection
EndGlobal
